
Microsoft Visual Studio Solution File, Format Version 12.00
# Visual Studio 15
VisualStudioVersion = 15.0.28307.960
MinimumVisualStudioVersion = 10.0.40219.1
Project("{FAE04EC0-301F-11D3-BF4B-00C04F79EFBC}") = "KLEditor", "KLEditor\KLEditor.csproj", "{73F529C5-FBA8-4D8D-BAF4-3A0A9B9EA240}"
EndProject
Global
	GlobalSection(SolutionConfigurationPlatforms) = preSolution
		Debug|Any CPU = Debug|Any CPU
		Release|Any CPU = Release|Any CPU
	EndGlobalSection
	GlobalSection(ProjectConfigurationPlatforms) = postSolution
		{73F529C5-FBA8-4D8D-BAF4-3A0A9B9EA240}.Debug|Any CPU.ActiveCfg = Debug|Any CPU
		{73F529C5-FBA8-4D8D-BAF4-3A0A9B9EA240}.Debug|Any CPU.Build.0 = Debug|Any CPU
		{73F529C5-FBA8-4D8D-BAF4-3A0A9B9EA240}.Release|Any CPU.ActiveCfg = Release|Any CPU
		{73F529C5-FBA8-4D8D-BAF4-3A0A9B9EA240}.Release|Any CPU.Build.0 = Release|Any CPU
	EndGlobalSection
	GlobalSection(SolutionProperties) = preSolution
		HideSolutionNode = FALSE
	EndGlobalSection
	GlobalSection(ExtensibilityGlobals) = postSolution
		SolutionGuid = {68AED386-ECD7-40D7-98BE-5B3EEED05BAF}
	EndGlobalSection
EndGlobal
